PODS:
  - Alamofire (4.7.2)
  - AMChart (1.0)
  - FontAwesomeKit (2.2.1):
    - FontAwesomeKit/Core (= 2.2.1)
    - FontAwesomeKit/FontAwesome (= 2.2.1)
    - FontAwesomeKit/FoundationIcons (= 2.2.1)
    - FontAwesomeKit/IonIcons (= 2.2.1)
    - FontAwesomeKit/Material (= 2.2.1)
    - FontAwesomeKit/Octicons (= 2.2.1)
    - FontAwesomeKit/Zocial (= 2.2.1)
  - FontAwesomeKit/Core (2.2.1)
  - FontAwesomeKit/FontAwesome (2.2.1):
    - FontAwesomeKit/Core
  - FontAwesomeKit/FoundationIcons (2.2.1):
    - FontAwesomeKit/Core
  - FontAwesomeKit/IonIcons (2.2.1):
    - FontAwesomeKit/Core
  - FontAwesomeKit/Material (2.2.1):
    - FontAwesomeKit/Core
  - FontAwesomeKit/Octicons (2.2.1):
    - FontAwesomeKit/Core
  - FontAwesomeKit/Zocial (2.2.1):
    - FontAwesomeKit/Core
  - NCMB (2.4.3)
  - NYXImagesKit (2.3)
  - SCLAlertView (0.8)
  - SDWebImage (4.4.1):
    - SDWebImage/Core (= 4.4.1)
  - SDWebImage/Core (4.4.1)
  - SVProgressHUD (2.2.5)
  - SwiftyJSON (4.1.0)
  - TTTAttributedLabel (2.0.0)

DEPENDENCIES:
  - Alamofire (~> 4.7)
  - AMChart
  - FontAwesomeKit
  - NCMB (from `https://github.com/NIFCloud-mbaas/ncmb_ios.git`)
  - NYXImagesKit
  - SCLAlertView
  - SDWebImage (~> 4.0)
  - SVProgressHUD
  - SwiftyJSON (~> 4.0)
  - TTTAttributedLabel

SPEC REPOS:
  https://github.com/cocoapods/specs.git:
    - Alamofire
    - AMChart
    - FontAwesomeKit
    - NYXImagesKit
    - SCLAlertView
    - SDWebImage
    - SVProgressHUD
    - SwiftyJSON
    - TTTAttributedLabel

EXTERNAL SOURCES:
  NCMB:
    :git: https://github.com/NIFCloud-mbaas/ncmb_ios.git

CHECKOUT OPTIONS:
  NCMB:
    :commit: ff4c625eaa4d0789d03ad90ed572f7bfad8691e4
    :git: https://github.com/NIFCloud-mbaas/ncmb_ios.git

SPEC CHECKSUMS:
  Alamofire: e4fa87002c137ba2d8d634d2c51fabcda0d5c223
  AMChart: bfb61d25fd1d6b6eb1150fd9820db90e8bd322f0
  FontAwesomeKit: 3614979b3dbb0ec3f7fac1bd760b91f66c31db67
  NCMB: 7b88a86be4a770bd260f42295c7649b00f57f178
  NYXImagesKit: 8163e3335a40eaa173ca5bbbf81fafb57d3947eb
  SCLAlertView: 6a77bb2edfc65e04dbe57725546cb4107a506b85
  SDWebImage: 47e9b5b925cbce75946c23f0c42dd19464189af4
  SVProgressHUD: 1428aafac632c1f86f62aa4243ec12008d7a51d6
  SwiftyJSON: c29297daf073d2aa016295d5809cdd68045c39b3
  TTTAttributedLabel: 8cffe8e127e4e82ff3af1e5386d4cd0ad000b656

PODFILE CHECKSUM: 2d9fa38de376199a7ede0433690356e9aaa95341

COCOAPODS: 1.5.3
